
{
  "name": "birthday-daksh",
  "version": "1.0.0",
  "description": "Birthday wishes for Daksh from his loving Bua ❤️",
  "scripts": {
    "server-node": "http-server -p 8081"
  },
  "repository": {
    "type": "git",
    "url": "git+https://github.com/jyotikumari-rgb/birthday.git"
  },
  "keywords": [
    "Birthday",
    "Daksh",
    "Nephew",
    "Surprise",
    "Bua",
    "Wishes"
  ],
  "author": "Jyoti Chaudhary",
  "license": "MIT",
  "bugs": {
    "url": "https://github.com/jyotikumari-rgb/birthday/issues"
  },
  "homepage": "https://github.com/jyotikumari-rgb/birthday#readme",
  "dependencies": {
    "http-server": "^0.11.1"
  }
}
